// !$*UTF8*$!
{
	archiveVersion = 1;
	classes = {
	};
	objectVersion = 56;
	objects = {

/* Begin PBXBuildFile section */
		F365CADE2B484D97006D2707 /* AppDelegate.swift in Sources */ = {isa = PBXBuildFile; fileRef = F365CADD2B484D97006D2707 /* AppDelegate.swift */; };
		F365CAE02B484D97006D2707 /* SceneDelegate.swift in Sources */ = {isa = PBXBuildFile; fileRef = F365CADF2B484D97006D2707 /* SceneDelegate.swift */; };
		F365CAE22B484D97006D2707 /* PhotosViewController.swift in Sources */ = {isa = PBXBuildFile; fileRef = F365CAE12B484D97006D2707 /* PhotosViewController.swift */; };
		F365CAE52B484D97006D2707 /* Main.storyboard in Resources */ = {isa = PBXBuildFile; fileRef = F365CAE32B484D97006D2707 /* Main.storyboard */; };
		F365CAE72B484D98006D2707 /* Assets.xcassets in Resources */ = {isa = PBXBuildFile; fileRef = F365CAE62B484D98006D2707 /* Assets.xcassets */; };
		F365CAEA2B484D98006D2707 /* LaunchScreen.storyboard in Resources */ = {isa = PBXBuildFile; fileRef = F365CAE82B484D98006D2707 /* LaunchScreen.storyboard */; };
		F365CAF42B48F5F8006D2707 /* PhotoCollectionViewCell.swift in Sources */ = {isa = PBXBuildFile; fileRef = F365CAF32B48F5F8006D2707 /* PhotoCollectionViewCell.swift */; };
		F365CAF62B496F92006D2707 /* SectionHeaderView.swift in Sources */ = {isa = PBXBuildFile; fileRef = F365CAF52B496F92006D2707 /* SectionHeaderView.swift */; };
/* End PBXBuildFile section */

/* Begin PBXFileReference section */
		F365CADA2B484D97006D2707 /* Photosgallery.app */ = {isa = PBXFileReference; explicitFileType = wrapper.application; includeInIndex = 0; path = Photosgallery.app; sourceTree = BUILT_PRODUCTS_DIR; };
		F365CADD2B484D97006D2707 /* AppDelegate.swift */ = {isa = PBXFileReference; lastKnownFileType = sourcecode.swift; path = AppDelegate.swift; sourceTree = "<group>"; };
		F365CADF2B484D97006D2707 /* SceneDelegate.swift */ = {isa = PBXFileReference; lastKnownFileType = sourcecode.swift; path = SceneDelegate.swift; sourceTree = "<group>"; };
		F365CAE12B484D97006D2707 /* PhotosViewController.swift */ = {isa = PBXFileReference; lastKnownFileType = sourcecode.swift; path = PhotosViewController.swift; sourceTree = "<group>"; };
		F365CAE42B484D97006D2707 /* Base */ = {isa = PBXFileReference; lastKnownFileType = file.storyboard; name = Base; path = Base.lproj/Main.storyboard; sourceTree = "<group>"; };
		F365CAE62B484D98006D2707 /* Assets.xcassets */ = {isa = PBXFileReference; lastKnownFileType = folder.assetcatalog; path = Assets.xcassets; sourceTree = "<group>"; };
		F365CAE92B484D98006D2707 /* Base */ = {isa = PBXFileReference; lastKnownFileType = file.storyboard; name = Base; path = Base.lproj/LaunchScreen.storyboard; sourceTree = "<group>"; };
		F365CAEB2B484D98006D2707 /* Info.plist */ = {isa = PBXFileReference; lastKnownFileType = text.plist.xml; path = Info.plist; sourceTree = "<group>"; };
		F365CAF32B48F5F8006D2707 /* PhotoCollectionViewCell.swift */ = {isa = PBXFileReference; lastKnownFileType = sourcecode.swift; path = PhotoCollectionViewCell.swift; sourceTree = "<group>"; };
		F365CAF52B496F92006D2707 /* SectionHeaderView.swift */ = {isa = PBXFileReference; lastKnownFileType = sourcecode.swift; path = SectionHeaderView.swift; sourceTree = "<group>"; };
/* End PBXFileReference section */

/* Begin PBXFrameworksBuildPhase section */
		F365CAD72B484D97006D2707 /* Frameworks */ = {
			isa = PBXFrameworksBuildPhase;
			buildActionMask = 2147483647;
			files = (
			);
			runOnlyForDeploymentPostprocessing = 0;
		};
/* End PBXFrameworksBuildPhase section */

/* Begin PBXGroup section */
		F365CAD12B484D97006D2707 = {
			isa = PBXGroup;
			children = (
				F365CADC2B484D97006D2707 /* Photosgallery */,
				F365CADB2B484D97006D2707 /* Products */,
			);
			sourceTree = "<group>";
		};
		F365CADB2B484D97006D2707 /* Products */ = {
			isa = PBXGroup;
			children = (
				F365CADA2B484D97006D2707 /* Photosgallery.app */,
			);
			name = Products;
			sourceTree = "<group>";
		};
		F365CADC2B484D97006D2707 /* Photosgallery */ = {
			isa = PBXGroup;
			children = (
				F365CADD2B484D97006D2707 /* AppDelegate.swift */,
				F365CADF2B484D97006D2707 /* SceneDelegate.swift */,
				F365CAF82B496FD7006D2707 /* View */,
				F365CAF92B496FE2006D2707 /* Controller */,
				F365CAF72B496FBB006D2707 /* Storyboard */,
				F365CAFA2B496FF3006D2707 /* Files */,
			);
			path = Photosgallery;
			sourceTree = "<group>";
		};
		F365CAF72B496FBB006D2707 /* Storyboard */ = {
			isa = PBXGroup;
			children = (
				F365CAE82B484D98006D2707 /* LaunchScreen.storyboard */,
				F365CAE32B484D97006D2707 /* Main.storyboard */,
			);
			path = Storyboard;
			sourceTree = "<group>";
		};
		F365CAF82B496FD7006D2707 /* View */ = {
			isa = PBXGroup;
			children = (
				F365CAF52B496F92006D2707 /* SectionHeaderView.swift */,
				F365CAF32B48F5F8006D2707 /* PhotoCollectionViewCell.swift */,
			);
			path = View;
			sourceTree = "<group>";
		};
		F365CAF92B496FE2006D2707 /* Controller */ = {
			isa = PBXGroup;
			children = (
				F365CAE12B484D97006D2707 /* PhotosViewController.swift */,
			);
			path = Controller;
			sourceTree = "<group>";
		};
		F365CAFA2B496FF3006D2707 /* Files */ = {
			isa = PBXGroup;
			children = (
				F365CAE62B484D98006D2707 /* Assets.xcassets */,
				F365CAEB2B484D98006D2707 /* Info.plist */,
			);
			name = Files;
			sourceTree = "<group>";
		};
/* End PBXGroup section */

/* Begin PBXNativeTarget section */
		F365CAD92B484D97006D2707 /* Photosgallery */ = {
			isa = PBXNativeTarget;
			buildConfigurationList = F365CAEE2B484D98006D2707 /* Build configuration list for PBXNativeTarget "Photosgallery" */;
			buildPhases = (
				F365CAD62B484D97006D2707 /* Sources */,
				F365CAD72B484D97006D2707 /* Frameworks */,
				F365CAD82B484D97006D2707 /* Resources */,
			);
			buildRules = (
			);
			dependencies = (
			);
			name = Photosgallery;
			productName = Photosgallery;
			productReference = F365CADA2B484D97006D2707 /* Photosgallery.app */;
			productType = "com.apple.product-type.application";
		};
/* End PBXNativeTarget section */

/* Begin PBXProject section */
		F365CAD22B484D97006D2707 /* Project object */ = {
			isa = PBXProject;
			attributes = {
				BuildIndependentTargetsInParallel = 1;
				LastSwiftUpdateCheck = 1510;
				LastUpgradeCheck = 1510;
				TargetAttributes = {
					F365CAD92B484D97006D2707 = {
						CreatedOnToolsVersion = 15.1;
					};
				};
			};
			buildConfigurationList = F365CAD52B484D97006D2707 /* Build configuration list for PBXProject "Photosgallery" */;
			compatibilityVersion = "Xcode 14.0";
			developmentRegion = en;
			hasScannedForEncodings = 0;
			knownRegions = (
				en,
				Base,
			);
			mainGroup = F365CAD12B484D97006D2707;
			productRefGroup = F365CADB2B484D97006D2707 /* Products */;
			projectDirPath = "";
			projectRoot = "";
			targets = (
				F365CAD92B484D97006D2707 /* Photosgallery */,
			);
		};
/* End PBXProject section */

/* Begin PBXResourcesBuildPhase section */
		F365CAD82B484D97006D2707 /* Resources */ = {
			isa = PBXResourcesBuildPhase;
			buildActionMask = 2147483647;
			files = (
				F365CAEA2B484D98006D2707 /* LaunchScreen.storyboard in Resources */,
				F365CAE72B484D98006D2707 /* Assets.xcassets in Resources */,
				F365CAE52B484D97006D2707 /* Main.storyboard in Resources */,
			);
			runOnlyForDeploymentPostprocessing = 0;
		};
/* End PBXResourcesBuildPhase section */

/* Begin PBXSourcesBuildPhase section */
		F365CAD62B484D97006D2707 /* Sources */ = {
			isa = PBXSourcesBuildPhase;
			buildActionMask = 2147483647;
			files = (
				F365CAE22B484D97006D2707 /* PhotosViewController.swift in Sources */,
				F365CAF42B48F5F8006D2707 /* PhotoCollectionViewCell.swift in Sources */,
				F365CAF62B496F92006D2707 /* SectionHeaderView.swift in Sources */,
				F365CADE2B484D97006D2707 /* AppDelegate.swift in Sources */,
				F365CAE02B484D97006D2707 /* SceneDelegate.swift in Sources */,
			);
			runOnlyForDeploymentPostprocessing = 0;
		};
/* End PBXSourcesBuildPhase section */

/* Begin PBXVariantGroup section */
		F365CAE32B484D97006D2707 /* Main.storyboard */ = {
			isa = PBXVariantGroup;
			children = (
				F365CAE42B484D97006D2707 /* Base */,
			);
			name = Main.storyboard;
			sourceTree = "<group>";
		};
		F365CAE82B484D98006D2707 /* LaunchScreen.storyboard */ = {
			isa = PBXVariantGroup;
			children = (
				F365CAE92B484D98006D2707 /* Base */,
			);
			name = LaunchScreen.storyboard;
			sourceTree = "<group>";
		};
/* End PBXVariantGroup section */

/* Begin XCBuildConfiguration section */
		F365CAEC2B484D98006D2707 /* Debug */ = {
			isa = XCBuildConfiguration;
			buildSettings = {
				ALWAYS_SEARCH_USER_PATHS = NO;
				ASSETCATALOG_COMPILER_GENERATE_SWIFT_ASSET_SYMBOL_EXTENSIONS = YES;
				CLANG_ANALYZER_NONNULL = YES;
				CLANG_ANALYZER_NUMBER_OBJECT_CONVERSION = YES_AGGRESSIVE;
				CLANG_CXX_LANGUAGE_STANDARD = "gnu++20";
				CLANG_ENABLE_MODULES = YES;
				CLANG_ENABLE_OBJC_ARC = YES;
				CLANG_ENABLE_OBJC_WEAK = YES;
				CLANG_WARN_BLOCK_CAPTURE_AUTORELEASING = YES;
				CLANG_WARN_BOOL_CONVERSION = YES;
				CLANG_WARN_COMMA = YES;
				CLANG_WARN_CONSTANT_CONVERSION = YES;
				CLANG_WARN_DEPRECATED_OBJC_IMPLEMENTATIONS = YES;
				CLANG_WARN_DIRECT_OBJC_ISA_USAGE = YES_ERROR;
				CLANG_WARN_DOCUMENTATION_COMMENTS = YES;
				CLANG_WARN_EMPTY_BODY = YES;
				CLANG_WARN_ENUM_CONVERSION = YES;
				CLANG_WARN_INFINITE_RECURSION = YES;
				CLANG_WARN_INT_CONVERSION = YES;
				CLANG_WARN_NON_LITERAL_NULL_CONVERSION = YES;
				CLANG_WARN_OBJC_IMPLICIT_RETAIN_SELF = YES;
				CLANG_WARN_OBJC_LITERAL_CONVERSION = YES;
				CLANG_WARN_OBJC_ROOT_CLASS = YES_ERROR;
				CLANG_WARN_QUOTED_INCLUDE_IN_FRAMEWORK_HEADER = YES;
				CLANG_WARN_RANGE_LOOP_ANALYSIS = YES;
				CLANG_WARN_STRICT_PROTOTYPES = YES;
				CLANG_WARN_SUSPICIOUS_MOVE = YES;
				CLANG_WARN_UNGUARDED_AVAILABILITY = YES_AGGRESSIVE;
				CLANG_WARN_UNREACHABLE_CODE = YES;
				CLANG_WARN__DUPLICATE_METHOD_MATCH = YES;
				COPY_PHASE_STRIP = NO;
				DEBUG_INFORMATION_FORMAT = dwarf;
				ENABLE_STRICT_OBJC_MSGSEND = YES;
				ENABLE_TESTABILITY = YES;
				ENABLE_USER_SCRIPT_SANDBOXING = YES;
				GCC_C_LANGUAGE_STANDARD = gnu17;
				GCC_DYNAMIC_NO_PIC = NO;
				GCC_NO_COMMON_BLOCKS = YES;
				GCC_OPTIMIZATION_LEVEL = 0;
				GCC_PREPROCESSOR_DEFINITIONS = (
					"DEBUG=1",
					"$(inherited)",
				);
				GCC_WARN_64_TO_32_BIT_CONVERSION = YES;
				GCC_WARN_ABOUT_RETURN_TYPE = YES_ERROR;
				GCC_WARN_UNDECLARED_SELECTOR = YES;
				GCC_WARN_UNINITIALIZED_AUTOS = YES_AGGRESSIVE;
				GCC_WARN_UNUSED_FUNCTION = YES;
				GCC_WARN_UNUSED_VARIABLE = YES;
				IPHONEOS_DEPLOYMENT_TARGET = 17.2;
				LOCALIZATION_PREFERS_STRING_CATALOGS = YES;
				MTL_ENABLE_DEBUG_INFO = INCLUDE_SOURCE;
				MTL_FAST_MATH = YES;
				ONLY_ACTIVE_ARCH = YES;
				SDKROOT = iphoneos;
				SWIFT_ACTIVE_COMPILATION_CONDITIONS = "DEBUG $(inherited)";
				SWIFT_OPTIMIZATION_LEVEL = "-Onone";
			};
			name = Debug;
		};
		F365CAED2B484D98006D2707 /* Release */ = {
			isa = XCBuildConfiguration;
			buildSettings = {
				ALWAYS_SEARCH_USER_PATHS = NO;
				ASSETCATALOG_COMPILER_GENERATE_SWIFT_ASSET_SYMBOL_EXTENSIONS = YES;
				CLANG_ANALYZER_NONNULL = YES;
				CLANG_ANALYZER_NUMBER_OBJECT_CONVERSION = YES_AGGRESSIVE;
				CLANG_CXX_LANGUAGE_STANDARD = "gnu++20";
				CLANG_ENABLE_MODULES = YES;
				CLANG_ENABLE_OBJC_ARC = YES;
				CLANG_ENABLE_OBJC_WEAK = YES;
				CLANG_WARN_BLOCK_CAPTURE_AUTORELEASING = YES;
				CLANG_WARN_BOOL_CONVERSION = YES;
				CLANG_WARN_COMMA = YES;
				CLANG_WARN_CONSTANT_CONVERSION = YES;
				CLANG_WARN_DEPRECATED_OBJC_IMPLEMENTATIONS = YES;
				CLANG_WARN_DIRECT_OBJC_ISA_USAGE = YES_ERROR;
				CLANG_WARN_DOCUMENTATION_COMMENTS = YES;
				CLANG_WARN_EMPTY_BODY = YES;
				CLANG_WARN_ENUM_CONVERSION = YES;
				CLANG_WARN_INFINITE_RECURSION = YES;
				CLANG_WARN_INT_CONVERSION = YES;
				CLANG_WARN_NON_LITERAL_NULL_CONVERSION = YES;
				CLANG_WARN_OBJC_IMPLICIT_RETAIN_SELF = YES;
				CLANG_WARN_OBJC_LITERAL_CONVERSION = YES;
				CLANG_WARN_OBJC_ROOT_CLASS = YES_ERROR;
				CLANG_WARN_QUOTED_INCLUDE_IN_FRAMEWORK_HEADER = YES;
				CLANG_WARN_RANGE_LOOP_ANALYSIS = YES;
				CLANG_WARN_STRICT_PROTOTYPES = YES;
				CLANG_WARN_SUSPICIOUS_MOVE = YES;
				CLANG_WARN_UNGUARDED_AVAILABILITY = YES_AGGRESSIVE;
				CLANG_WARN_UNREACHABLE_CODE = YES;
				CLANG_WARN__DUPLICATE_METHOD_MATCH = YES;
				COPY_PHASE_STRIP = NO;
				DEBUG_INFORMATION_FORMAT = "dwarf-with-dsym";
				ENABLE_NS_ASSERTIONS = NO;
				ENABLE_STRICT_OBJC_MSGSEND = YES;
				ENABLE_USER_SCRIPT_SANDBOXING = YES;
				GCC_C_LANGUAGE_STANDARD = gnu17;
				GCC_NO_COMMON_BLOCKS = YES;
				GCC_WARN_64_TO_32_BIT_CONVERSION = YES;
				GCC_WARN_ABOUT_RETURN_TYPE = YES_ERROR;
				GCC_WARN_UNDECLARED_SELECTOR = YES;
				GCC_WARN_UNINITIALIZED_AUTOS = YES_AGGRESSIVE;
				GCC_WARN_UNUSED_FUNCTION = YES;
				GCC_WARN_UNUSED_VARIABLE = YES;
				IPHONEOS_DEPLOYMENT_TARGET = 17.2;
				LOCALIZATION_PREFERS_STRING_CATALOGS = YES;
				MTL_ENABLE_DEBUG_INFO = NO;
				MTL_FAST_MATH = YES;
				SDKROOT = iphoneos;
				SWIFT_COMPILATION_MODE = wholemodule;
				VALIDATE_PRODUCT = YES;
			};
			name = Release;
		};
		F365CAEF2B484D98006D2707 /* Debug */ = {
			isa = XCBuildConfiguration;
			buildSettings = {
				ASSETCATALOG_COMPILER_APPICON_NAME = AppIcon;
				ASSETCATALOG_COMPILER_GLOBAL_ACCENT_COLOR_NAME = AccentColor;
				CODE_SIGN_STYLE = Automatic;
				CURRENT_PROJECT_VERSION = 1;
				DEVELOPMENT_TEAM = WT2DZRQ5QP;
				GENERATE_INFOPLIST_FILE = YES;
				INFOPLIST_FILE = Photosgallery/Info.plist;
				INFOPLIST_KEY_UIApplicationSupportsIndirectInputEvents = YES;
				INFOPLIST_KEY_UILaunchStoryboardName = LaunchScreen;
				INFOPLIST_KEY_UIMainStoryboardFile = Main;
				INFOPLIST_KEY_UISupportedInterfaceOrientations_iPad = "UIInterfaceOrientationPortrait UIInterfaceOrientationPortraitUpsideDown UIInterfaceOrientationLandscapeLeft UIInterfaceOrientationLandscapeRight";
				INFOPLIST_KEY_UISupportedInterfaceOrientations_iPhone = "UIInterfaceOrientationPortrait UIInterfaceOrientationLandscapeLeft UIInterfaceOrientationLandscapeRight";
				LD_RUNPATH_SEARCH_PATHS = (
					"$(inherited)",
					"@executable_path/Frameworks",
				);
				MARKETING_VERSION = 1.0;
				PRODUCT_BUNDLE_IDENTIFIER = com.gali.Photosgallery;
				PRODUCT_NAME = "$(TARGET_NAME)";
				SWIFT_EMIT_LOC_STRINGS = YES;
				SWIFT_VERSION = 5.0;
				TARGETED_DEVICE_FAMILY = "1,2";
			};
			name = Debug;
		};
		F365CAF02B484D98006D2707 /* Release */ = {
			isa = XCBuildConfiguration;
			buildSettings = {
				ASSETCATALOG_COMPILER_APPICON_NAME = AppIcon;
				ASSETCATALOG_COMPILER_GLOBAL_ACCENT_COLOR_NAME = AccentColor;
				CODE_SIGN_STYLE = Automatic;
				CURRENT_PROJECT_VERSION = 1;
				DEVELOPMENT_TEAM = WT2DZRQ5QP;
				GENERATE_INFOPLIST_FILE = YES;
				INFOPLIST_FILE = Photosgallery/Info.plist;
				INFOPLIST_KEY_UIApplicationSupportsIndirectInputEvents = YES;
				INFOPLIST_KEY_UILaunchStoryboardName = LaunchScreen;
				INFOPLIST_KEY_UIMainStoryboardFile = Main;
				INFOPLIST_KEY_UISupportedInterfaceOrientations_iPad = "UIInterfaceOrientationPortrait UIInterfaceOrientationPortraitUpsideDown UIInterfaceOrientationLandscapeLeft UIInterfaceOrientationLandscapeRight";
				INFOPLIST_KEY_UISupportedInterfaceOrientations_iPhone = "UIInterfaceOrientationPortrait UIInterfaceOrientationLandscapeLeft UIInterfaceOrientationLandscapeRight";
				LD_RUNPATH_SEARCH_PATHS = (
					"$(inherited)",
					"@executable_path/Frameworks",
				);
				MARKETING_VERSION = 1.0;
				PRODUCT_BUNDLE_IDENTIFIER = com.gali.Photosgallery;
				PRODUCT_NAME = "$(TARGET_NAME)";
				SWIFT_EMIT_LOC_STRINGS = YES;
				SWIFT_VERSION = 5.0;
				TARGETED_DEVICE_FAMILY = "1,2";
			};
			name = Release;
		};
/* End XCBuildConfiguration section */

/* Begin XCConfigurationList section */
		F365CAD52B484D97006D2707 /* Build configuration list for PBXProject "Photosgallery" */ = {
			isa = XCConfigurationList;
			buildConfigurations = (
				F365CAEC2B484D98006D2707 /* Debug */,
				F365CAED2B484D98006D2707 /* Release */,
			);
			defaultConfigurationIsVisible = 0;
			defaultConfigurationName = Release;
		};
		F365CAEE2B484D98006D2707 /* Build configuration list for PBXNativeTarget "Photosgallery" */ = {
			isa = XCConfigurationList;
			buildConfigurations = (
				F365CAEF2B484D98006D2707 /* Debug */,
				F365CAF02B484D98006D2707 /* Release */,
			);
			defaultConfigurationIsVisible = 0;
			defaultConfigurationName = Release;
		};
/* End XCConfigurationList section */
	};
	rootObject = F365CAD22B484D97006D2707 /* Project object */;
}
